// !$*UTF8*$!
{
	archiveVersion = 1;
	classes = {
	};
	objectVersion = 46;
	objects = {

/* Begin PBXBuildFile section */
		630BCE6819A3F2FB008866DE /* LNKSystem.m in Sources */ = {isa = PBXBuildFile; fileRef = 630BCE6719A3F2FB008866DE /* LNKSystem.m */; };
		630BCE6E19A3F6E6008866DE /* LNKStation.m in Sources */ = {isa = PBXBuildFile; fileRef = 630BCE6D19A3F6E6008866DE /* LNKStation.m */; };
		633828AB19A104E70043AEC4 /* Foundation.framework in Frameworks */ = {isa = PBXBuildFile; fileRef = 633828AA19A104E70043AEC4 /* Foundation.framework */; };
		633828AD19A104E70043AEC4 /* CoreGraphics.framework in Frameworks */ = {isa = PBXBuildFile; fileRef = 633828AC19A104E70043AEC4 /* CoreGraphics.framework */; };
		633828AF19A104E70043AEC4 /* UIKit.framework in Frameworks */ = {isa = PBXBuildFile; fileRef = 633828AE19A104E70043AEC4 /* UIKit.framework */; };
		633828B119A104E70043AEC4 /* CoreData.framework in Frameworks */ = {isa = PBXBuildFile; fileRef = 633828B019A104E70043AEC4 /* CoreData.framework */; };
		633828B719A104E70043AEC4 /* InfoPlist.strings in Resources */ = {isa = PBXBuildFile; fileRef = 633828B519A104E70043AEC4 /* InfoPlist.strings */; };
		633828B919A104E70043AEC4 /* main.m in Sources */ = {isa = PBXBuildFile; fileRef = 633828B819A104E70043AEC4 /* main.m */; };
		633828BD19A104E70043AEC4 /* LNKAppDelegate.m in Sources */ = {isa = PBXBuildFile; fileRef = 633828BC19A104E70043AEC4 /* LNKAppDelegate.m */; };
		633828C019A104E70043AEC4 /* Link.xcdatamodeld in Sources */ = {isa = PBXBuildFile; fileRef = 633828BE19A104E70043AEC4 /* Link.xcdatamodeld */; };
		633828C219A104E70043AEC4 /* Images.xcassets in Resources */ = {isa = PBXBuildFile; fileRef = 633828C119A104E70043AEC4 /* Images.xcassets */; };
		633828C919A104E70043AEC4 /* XCTest.framework in Frameworks */ = {isa = PBXBuildFile; fileRef = 633828C819A104E70043AEC4 /* XCTest.framework */; };
		633828CA19A104E70043AEC4 /* Foundation.framework in Frameworks */ = {isa = PBXBuildFile; fileRef = 633828AA19A104E70043AEC4 /* Foundation.framework */; };
		633828CB19A104E70043AEC4 /* UIKit.framework in Frameworks */ = {isa = PBXBuildFile; fileRef = 633828AE19A104E70043AEC4 /* UIKit.framework */; };
		633828CC19A104E80043AEC4 /* CoreData.framework in Frameworks */ = {isa = PBXBuildFile; fileRef = 633828B019A104E70043AEC4 /* CoreData.framework */; };
		633828D419A104E80043AEC4 /* InfoPlist.strings in Resources */ = {isa = PBXBuildFile; fileRef = 633828D219A104E80043AEC4 /* InfoPlist.strings */; };
		633828D619A104E80043AEC4 /* LinkTests.m in Sources */ = {isa = PBXBuildFile; fileRef = 633828D519A104E80043AEC4 /* LinkTests.m */; };
		633828E019A1058E0043AEC4 /* GoogleMaps.framework in Frameworks */ = {isa = PBXBuildFile; fileRef = 633828DF19A1058E0043AEC4 /* GoogleMaps.framework */; };
		633828E419A1062C0043AEC4 /* GoogleMaps.bundle in Resources */ = {isa = PBXBuildFile; fileRef = 633828E319A1062C0043AEC4 /* GoogleMaps.bundle */; };
		633828F019A106BE0043AEC4 /* AVFoundation.framework in Frameworks */ = {isa = PBXBuildFile; fileRef = 633828E519A106BD0043AEC4 /* AVFoundation.framework */; };
		633828F119A106BE0043AEC4 /* CoreLocation.framework in Frameworks */ = {isa = PBXBuildFile; fileRef = 633828E619A106BD0043AEC4 /* CoreLocation.framework */; };
		633828F219A106BE0043AEC4 /* CoreText.framework in Frameworks */ = {isa = PBXBuildFile; fileRef = 633828E719A106BD0043AEC4 /* CoreText.framework */; };
		633828F319A106BE0043AEC4 /* GLKit.framework in Frameworks */ = {isa = PBXBuildFile; fileRef = 633828E819A106BD0043AEC4 /* GLKit.framework */; };
		633828F419A106BE0043AEC4 /* ImageIO.framework in Frameworks */ = {isa = PBXBuildFile; fileRef = 633828E919A106BD0043AEC4 /* ImageIO.framework */; };
		633828F519A106BE0043AEC4 /* libc++.dylib in Frameworks */ = {isa = PBXBuildFile; fileRef = 633828EA19A106BE0043AEC4 /* libc++.dylib */; };
		633828F619A106BE0043AEC4 /* libicucore.dylib in Frameworks */ = {isa = PBXBuildFile; fileRef = 633828EB19A106BE0043AEC4 /* libicucore.dylib */; };
		633828F719A106BE0043AEC4 /* libz.dylib in Frameworks */ = {isa = PBXBuildFile; fileRef = 633828EC19A106BE0043AEC4 /* libz.dylib */; };
		633828F819A106BE0043AEC4 /* OpenGLES.framework in Frameworks */ = {isa = PBXBuildFile; fileRef = 633828ED19A106BE0043AEC4 /* OpenGLES.framework */; };
		633828F919A106BE0043AEC4 /* QuartzCore.framework in Frameworks */ = {isa = PBXBuildFile; fileRef = 633828EE19A106BE0043AEC4 /* QuartzCore.framework */; };
		633828FA19A106BE0043AEC4 /* SystemConfiguration.framework in Frameworks */ = {isa = PBXBuildFile; fileRef = 633828EF19A106BE0043AEC4 /* SystemConfiguration.framework */; };
		6338290019A10AC90043AEC4 /* LNKMapViewController.m in Sources */ = {isa = PBXBuildFile; fileRef = 633828FE19A10AC90043AEC4 /* LNKMapViewController.m */; };
		6338290119A10AC90043AEC4 /* LNKMapViewController.xib in Resources */ = {isa = PBXBuildFile; fileRef = 633828FF19A10AC90043AEC4 /* LNKMapViewController.xib */; };
		6338290519A10DF40043AEC4 /* LNKStationsManager.m in Sources */ = {isa = PBXBuildFile; fileRef = 6338290419A10DF40043AEC4 /* LNKStationsManager.m */; };
		6338291119A247BD0043AEC4 /* LNKAPI.m in Sources */ = {isa = PBXBuildFile; fileRef = 6338291019A247BD0043AEC4 /* LNKAPI.m */; };
		63D3300E19A3D77D00021C8C /* LNKSystemsManager.m in Sources */ = {isa = PBXBuildFile; fileRef = 63D3300D19A3D77D00021C8C /* LNKSystemsManager.m */; };
/* End PBXBuildFile section */

/* Begin PBXContainerItemProxy section */
		633828CD19A104E80043AEC4 /* PBXContainerItemProxy */ = {
			isa = PBXContainerItemProxy;
			containerPortal = 6338289F19A104E70043AEC4 /* Project object */;
			proxyType = 1;
			remoteGlobalIDString = 633828A619A104E70043AEC4;
			remoteInfo = Link;
		};
/* End PBXContainerItemProxy section */

/* Begin PBXFileReference section */
		630BCE6619A3F2FB008866DE /* LNKSystem.h */ = {isa = PBXFileReference; fileEncoding = 4; lastKnownFileType = sourcecode.c.h; path = LNKSystem.h; sourceTree = "<group>"; };
		630BCE6719A3F2FB008866DE /* LNKSystem.m */ = {isa = PBXFileReference; fileEncoding = 4; lastKnownFileType = sourcecode.c.objc; path = LNKSystem.m; sourceTree = "<group>"; };
		630BCE6C19A3F6E6008866DE /* LNKStation.h */ = {isa = PBXFileReference; fileEncoding = 4; lastKnownFileType = sourcecode.c.h; path = LNKStation.h; sourceTree = "<group>"; };
		630BCE6D19A3F6E6008866DE /* LNKStation.m */ = {isa = PBXFileReference; fileEncoding = 4; lastKnownFileType = sourcecode.c.objc; path = LNKStation.m; sourceTree = "<group>"; };
		633828A719A104E70043AEC4 /* Link.app */ = {isa = PBXFileReference; explicitFileType = wrapper.application; includeInIndex = 0; path = Link.app; sourceTree = BUILT_PRODUCTS_DIR; };
		633828AA19A104E70043AEC4 /* Foundation.framework */ = {isa = PBXFileReference; lastKnownFileType = wrapper.framework; name = Foundation.framework; path = System/Library/Frameworks/Foundation.framework; sourceTree = SDKROOT; };
		633828AC19A104E70043AEC4 /* CoreGraphics.framework */ = {isa = PBXFileReference; lastKnownFileType = wrapper.framework; name = CoreGraphics.framework; path = System/Library/Frameworks/CoreGraphics.framework; sourceTree = SDKROOT; };
		633828AE19A104E70043AEC4 /* UIKit.framework */ = {isa = PBXFileReference; lastKnownFileType = wrapper.framework; name = UIKit.framework; path = System/Library/Frameworks/UIKit.framework; sourceTree = SDKROOT; };
		633828B019A104E70043AEC4 /* CoreData.framework */ = {isa = PBXFileReference; lastKnownFileType = wrapper.framework; name = CoreData.framework; path = System/Library/Frameworks/CoreData.framework; sourceTree = SDKROOT; };
		633828B419A104E70043AEC4 /* Link-Info.plist */ = {isa = PBXFileReference; lastKnownFileType = text.plist.xml; path = "Link-Info.plist"; sourceTree = "<group>"; };
		633828B619A104E70043AEC4 /* en */ = {isa = PBXFileReference; lastKnownFileType = text.plist.strings; name = en; path = en.lproj/InfoPlist.strings; sourceTree = "<group>"; };
		633828B819A104E70043AEC4 /* main.m */ = {isa = PBXFileReference; lastKnownFileType = sourcecode.c.objc; path = main.m; sourceTree = "<group>"; };
		633828BA19A104E70043AEC4 /* Link-Prefix.pch */ = {isa = PBXFileReference; lastKnownFileType = sourcecode.c.h; path = "Link-Prefix.pch"; sourceTree = "<group>"; };
		633828BB19A104E70043AEC4 /* LNKAppDelegate.h */ = {isa = PBXFileReference; lastKnownFileType = sourcecode.c.h; path = LNKAppDelegate.h; sourceTree = "<group>"; };
		633828BC19A104E70043AEC4 /* LNKAppDelegate.m */ = {isa = PBXFileReference; lastKnownFileType = sourcecode.c.objc; path = LNKAppDelegate.m; sourceTree = "<group>"; };
		633828BF19A104E70043AEC4 /* Link.xcdatamodel */ = {isa = PBXFileReference; lastKnownFileType = wrapper.xcdatamodel; path = Link.xcdatamodel; sourceTree = "<group>"; };
		633828C119A104E70043AEC4 /* Images.xcassets */ = {isa = PBXFileReference; lastKnownFileType = folder.assetcatalog; path = Images.xcassets; sourceTree = "<group>"; };
		633828C719A104E70043AEC4 /* LinkTests.xctest */ = {isa = PBXFileReference; explicitFileType = wrapper.cfbundle; includeInIndex = 0; path = LinkTests.xctest; sourceTree = BUILT_PRODUCTS_DIR; };
		633828C819A104E70043AEC4 /* XCTest.framework */ = {isa = PBXFileReference; lastKnownFileType = wrapper.framework; name = XCTest.framework; path = Library/Frameworks/XCTest.framework; sourceTree = DEVELOPER_DIR; };
		633828D119A104E80043AEC4 /* LinkTests-Info.plist */ = {isa = PBXFileReference; lastKnownFileType = text.plist.xml; path = "LinkTests-Info.plist"; sourceTree = "<group>"; };
		633828D319A104E80043AEC4 /* en */ = {isa = PBXFileReference; lastKnownFileType = text.plist.strings; name = en; path = en.lproj/InfoPlist.strings; sourceTree = "<group>"; };
		633828D519A104E80043AEC4 /* LinkTests.m */ = {isa = PBXFileReference; lastKnownFileType = sourcecode.c.objc; path = LinkTests.m; sourceTree = "<group>"; };
		633828DF19A1058E0043AEC4 /* GoogleMaps.framework */ = {isa = PBXFileReference; lastKnownFileType = wrapper.framework; path = GoogleMaps.framework; sourceTree = "<group>"; };
		633828E319A1062C0043AEC4 /* GoogleMaps.bundle */ = {isa = PBXFileReference; lastKnownFileType = "wrapper.plug-in"; name = GoogleMaps.bundle; path = "../../../../GoogleMaps-iOS-1.8.1/GoogleMaps.framework/Versions/A/Resources/GoogleMaps.bundle"; sourceTree = "<group>"; };
		633828E519A106BD0043AEC4 /* AVFoundation.framework */ = {isa = PBXFileReference; lastKnownFileType = wrapper.framework; name = AVFoundation.framework; path = System/Library/Frameworks/AVFoundation.framework; sourceTree = SDKROOT; };
		633828E619A106BD0043AEC4 /* CoreLocation.framework */ = {isa = PBXFileReference; lastKnownFileType = wrapper.framework; name = CoreLocation.framework; path = System/Library/Frameworks/CoreLocation.framework; sourceTree = SDKROOT; };
		633828E719A106BD0043AEC4 /* CoreText.framework */ = {isa = PBXFileReference; lastKnownFileType = wrapper.framework; name = CoreText.framework; path = System/Library/Frameworks/CoreText.framework; sourceTree = SDKROOT; };
		633828E819A106BD0043AEC4 /* GLKit.framework */ = {isa = PBXFileReference; lastKnownFileType = wrapper.framework; name = GLKit.framework; path = System/Library/Frameworks/GLKit.framework; sourceTree = SDKROOT; };
		633828E919A106BD0043AEC4 /* ImageIO.framework */ = {isa = PBXFileReference; lastKnownFileType = wrapper.framework; name = ImageIO.framework; path = System/Library/Frameworks/ImageIO.framework; sourceTree = SDKROOT; };
		633828EA19A106BE0043AEC4 /* libc++.dylib */ = {isa = PBXFileReference; lastKnownFileType = "compiled.mach-o.dylib"; name = "libc++.dylib"; path = "usr/lib/libc++.dylib"; sourceTree = SDKROOT; };
		633828EB19A106BE0043AEC4 /* libicucore.dylib */ = {isa = PBXFileReference; lastKnownFileType = "compiled.mach-o.dylib"; name = libicucore.dylib; path = usr/lib/libicucore.dylib; sourceTree = SDKROOT; };
		633828EC19A106BE0043AEC4 /* libz.dylib */ = {isa = PBXFileReference; lastKnownFileType = "compiled.mach-o.dylib"; name = libz.dylib; path = usr/lib/libz.dylib; sourceTree = SDKROOT; };
		633828ED19A106BE0043AEC4 /* OpenGLES.framework */ = {isa = PBXFileReference; lastKnownFileType = wrapper.framework; name = OpenGLES.framework; path = System/Library/Frameworks/OpenGLES.framework; sourceTree = SDKROOT; };
		633828EE19A106BE0043AEC4 /* QuartzCore.framework */ = {isa = PBXFileReference; lastKnownFileType = wrapper.framework; name = QuartzCore.framework; path = System/Library/Frameworks/QuartzCore.framework; sourceTree = SDKROOT; };
		633828EF19A106BE0043AEC4 /* SystemConfiguration.framework */ = {isa = PBXFileReference; lastKnownFileType = wrapper.framework; name = SystemConfiguration.framework; path = System/Library/Frameworks/SystemConfiguration.framework; sourceTree = SDKROOT; };
		633828FD19A10AC90043AEC4 /* LNKMapViewController.h */ = {isa = PBXFileReference; fileEncoding = 4; lastKnownFileType = sourcecode.c.h; name = LNKMapViewController.h; path = ../LNKMapViewController.h; sourceTree = "<group>"; };
		633828FE19A10AC90043AEC4 /* LNKMapViewController.m */ = {isa = PBXFileReference; fileEncoding = 4; lastKnownFileType = sourcecode.c.objc; name = LNKMapViewController.m; path = ../LNKMapViewController.m; sourceTree = "<group>"; };
		633828FF19A10AC90043AEC4 /* LNKMapViewController.xib */ = {isa = PBXFileReference; fileEncoding = 4; lastKnownFileType = file.xib; name = LNKMapViewController.xib; path = ../LNKMapViewController.xib; sourceTree = "<group>"; };
		6338290319A10DF40043AEC4 /* LNKStationsManager.h */ = {isa = PBXFileReference; fileEncoding = 4; lastKnownFileType = sourcecode.c.h; path = LNKStationsManager.h; sourceTree = "<group>"; };
		6338290419A10DF40043AEC4 /* LNKStationsManager.m */ = {isa = PBXFileReference; fileEncoding = 4; lastKnownFileType = sourcecode.c.objc; path = LNKStationsManager.m; sourceTree = "<group>"; };
		6338290F19A247BD0043AEC4 /* LNKAPI.h */ = {isa = PBXFileReference; fileEncoding = 4; lastKnownFileType = sourcecode.c.h; name = LNKAPI.h; path = API/LNKAPI.h; sourceTree = "<group>"; };
		6338291019A247BD0043AEC4 /* LNKAPI.m */ = {isa = PBXFileReference; fileEncoding = 4; lastKnownFileType = sourcecode.c.objc; name = LNKAPI.m; path = API/LNKAPI.m; sourceTree = "<group>"; };
		63D3300C19A3D77D00021C8C /* LNKSystemsManager.h */ = {isa = PBXFileReference; fileEncoding = 4; lastKnownFileType = sourcecode.c.h; path = LNKSystemsManager.h; sourceTree = "<group>"; };
		63D3300D19A3D77D00021C8C /* LNKSystemsManager.m */ = {isa = PBXFileReference; fileEncoding = 4; lastKnownFileType = sourcecode.c.objc; path = LNKSystemsManager.m; sourceTree = "<group>"; };
/* End PBXFileReference section */

/* Begin PBXFrameworksBuildPhase section */
		633828A419A104E70043AEC4 /* Frameworks */ = {
			isa = PBXFrameworksBuildPhase;
			buildActionMask = 2147483647;
			files = (
				633828F019A106BE0043AEC4 /* AVFoundation.framework in Frameworks */,
				633828F119A106BE0043AEC4 /* CoreLocation.framework in Frameworks */,
				633828F219A106BE0043AEC4 /* CoreText.framework in Frameworks */,
				633828F319A106BE0043AEC4 /* GLKit.framework in Frameworks */,
				633828F419A106BE0043AEC4 /* ImageIO.framework in Frameworks */,
				633828F519A106BE0043AEC4 /* libc++.dylib in Frameworks */,
				633828F619A106BE0043AEC4 /* libicucore.dylib in Frameworks */,
				633828F719A106BE0043AEC4 /* libz.dylib in Frameworks */,
				633828F819A106BE0043AEC4 /* OpenGLES.framework in Frameworks */,
				633828F919A106BE0043AEC4 /* QuartzCore.framework in Frameworks */,
				633828FA19A106BE0043AEC4 /* SystemConfiguration.framework in Frameworks */,
				633828B119A104E70043AEC4 /* CoreData.framework in Frameworks */,
				633828AD19A104E70043AEC4 /* CoreGraphics.framework in Frameworks */,
				633828AF19A104E70043AEC4 /* UIKit.framework in Frameworks */,
				633828E019A1058E0043AEC4 /* GoogleMaps.framework in Frameworks */,
				633828AB19A104E70043AEC4 /* Foundation.framework in Frameworks */,
			);
			runOnlyForDeploymentPostprocessing = 0;
		};
		633828C419A104E70043AEC4 /* Frameworks */ = {
			isa = PBXFrameworksBuildPhase;
			buildActionMask = 2147483647;
			files = (
				633828C919A104E70043AEC4 /* XCTest.framework in Frameworks */,
				633828CC19A104E80043AEC4 /* CoreData.framework in Frameworks */,
				633828CB19A104E70043AEC4 /* UIKit.framework in Frameworks */,
				633828CA19A104E70043AEC4 /* Foundation.framework in Frameworks */,
			);
			runOnlyForDeploymentPostprocessing = 0;
		};
/* End PBXFrameworksBuildPhase section */

/* Begin PBXGroup section */
		630BCE5F19A3F19A008866DE /* Model */ = {
			isa = PBXGroup;
			children = (
				630BCE6C19A3F6E6008866DE /* LNKStation.h */,
				630BCE6D19A3F6E6008866DE /* LNKStation.m */,
				630BCE6619A3F2FB008866DE /* LNKSystem.h */,
				630BCE6719A3F2FB008866DE /* LNKSystem.m */,
			);
			name = Model;
			sourceTree = "<group>";
		};
		6338289E19A104E70043AEC4 = {
			isa = PBXGroup;
			children = (
				633828B219A104E70043AEC4 /* Link */,
				633828CF19A104E80043AEC4 /* LinkTests */,
				633828A919A104E70043AEC4 /* Frameworks */,
				633828A819A104E70043AEC4 /* Products */,
			);
			sourceTree = "<group>";
		};
		633828A819A104E70043AEC4 /* Products */ = {
			isa = PBXGroup;
			children = (
				633828A719A104E70043AEC4 /* Link.app */,
				633828C719A104E70043AEC4 /* LinkTests.xctest */,
			);
			name = Products;
			sourceTree = "<group>";
		};
		633828A919A104E70043AEC4 /* Frameworks */ = {
			isa = PBXGroup;
			children = (
				633828E519A106BD0043AEC4 /* AVFoundation.framework */,
				633828E619A106BD0043AEC4 /* CoreLocation.framework */,
				633828E719A106BD0043AEC4 /* CoreText.framework */,
				633828E819A106BD0043AEC4 /* GLKit.framework */,
				633828E919A106BD0043AEC4 /* ImageIO.framework */,
				633828EA19A106BE0043AEC4 /* libc++.dylib */,
				633828EB19A106BE0043AEC4 /* libicucore.dylib */,
				633828EC19A106BE0043AEC4 /* libz.dylib */,
				633828ED19A106BE0043AEC4 /* OpenGLES.framework */,
				633828EE19A106BE0043AEC4 /* QuartzCore.framework */,
				633828EF19A106BE0043AEC4 /* SystemConfiguration.framework */,
				633828E319A1062C0043AEC4 /* GoogleMaps.bundle */,
				633828DF19A1058E0043AEC4 /* GoogleMaps.framework */,
				633828AA19A104E70043AEC4 /* Foundation.framework */,
				633828AC19A104E70043AEC4 /* CoreGraphics.framework */,
				633828AE19A104E70043AEC4 /* UIKit.framework */,
				633828B019A104E70043AEC4 /* CoreData.framework */,
				633828C819A104E70043AEC4 /* XCTest.framework */,
			);
			name = Frameworks;
			sourceTree = "<group>";
		};
		633828B219A104E70043AEC4 /* Link */ = {
			isa = PBXGroup;
			children = (
				630BCE5F19A3F19A008866DE /* Model */,
				6338290E19A247AA0043AEC4 /* API */,
				6338290719A10EA10043AEC4 /* ViewControllers */,
				6338290219A10DD40043AEC4 /* Managers */,
				633828BB19A104E70043AEC4 /* LNKAppDelegate.h */,
				633828BC19A104E70043AEC4 /* LNKAppDelegate.m */,
				633828C119A104E70043AEC4 /* Images.xcassets */,
				633828BE19A104E70043AEC4 /* Link.xcdatamodeld */,
				633828B319A104E70043AEC4 /* Supporting Files */,
			);
			path = Link;
			sourceTree = "<group>";
		};
		633828B319A104E70043AEC4 /* Supporting Files */ = {
			isa = PBXGroup;
			children = (
				633828B419A104E70043AEC4 /* Link-Info.plist */,
				633828B519A104E70043AEC4 /* InfoPlist.strings */,
				633828B819A104E70043AEC4 /* main.m */,
				633828BA19A104E70043AEC4 /* Link-Prefix.pch */,
			);
			name = "Supporting Files";
			sourceTree = "<group>";
		};
		633828CF19A104E80043AEC4 /* LinkTests */ = {
			isa = PBXGroup;
			children = (
				633828D519A104E80043AEC4 /* LinkTests.m */,
				633828D019A104E80043AEC4 /* Supporting Files */,
			);
			path = LinkTests;
			sourceTree = "<group>";
		};
		633828D019A104E80043AEC4 /* Supporting Files */ = {
			isa = PBXGroup;
			children = (
				633828D119A104E80043AEC4 /* LinkTests-Info.plist */,
				633828D219A104E80043AEC4 /* InfoPlist.strings */,
			);
			name = "Supporting Files";
			sourceTree = "<group>";
		};
		6338290219A10DD40043AEC4 /* Managers */ = {
			isa = PBXGroup;
			children = (
				6338290319A10DF40043AEC4 /* LNKStationsManager.h */,
				6338290419A10DF40043AEC4 /* LNKStationsManager.m */,
				63D3300C19A3D77D00021C8C /* LNKSystemsManager.h */,
				63D3300D19A3D77D00021C8C /* LNKSystemsManager.m */,
			);
			path = Managers;
			sourceTree = "<group>";
		};
		6338290719A10EA10043AEC4 /* ViewControllers */ = {
			isa = PBXGroup;
			children = (
				633828FD19A10AC90043AEC4 /* LNKMapViewController.h */,
				633828FE19A10AC90043AEC4 /* LNKMapViewController.m */,
				633828FF19A10AC90043AEC4 /* LNKMapViewController.xib */,
			);
			path = ViewControllers;
			sourceTree = "<group>";
		};
		6338290E19A247AA0043AEC4 /* API */ = {
			isa = PBXGroup;
			children = (
				6338290F19A247BD0043AEC4 /* LNKAPI.h */,
				6338291019A247BD0043AEC4 /* LNKAPI.m */,
			);
			name = API;
			sourceTree = "<group>";
		};
/* End PBXGroup section */

/* Begin PBXNativeTarget section */
		633828A619A104E70043AEC4 /* Link */ = {
			isa = PBXNativeTarget;
			buildConfigurationList = 633828D919A104E80043AEC4 /* Build configuration list for PBXNativeTarget "Link" */;
			buildPhases = (
				633828A319A104E70043AEC4 /* Sources */,
				633828A419A104E70043AEC4 /* Frameworks */,
				633828A519A104E70043AEC4 /* Resources */,
			);
			buildRules = (
			);
			dependencies = (
			);
			name = Link;
			productName = Link;
			productReference = 633828A719A104E70043AEC4 /* Link.app */;
			productType = "com.apple.product-type.application";
		};
		633828C619A104E70043AEC4 /* LinkTests */ = {
			isa = PBXNativeTarget;
			buildConfigurationList = 633828DC19A104E80043AEC4 /* Build configuration list for PBXNativeTarget "LinkTests" */;
			buildPhases = (
				633828C319A104E70043AEC4 /* Sources */,
				633828C419A104E70043AEC4 /* Frameworks */,
				633828C519A104E70043AEC4 /* Resources */,
			);
			buildRules = (
			);
			dependencies = (
				633828CE19A104E80043AEC4 /* PBXTargetDependency */,
			);
			name = LinkTests;
			productName = LinkTests;
			productReference = 633828C719A104E70043AEC4 /* LinkTests.xctest */;
			productType = "com.apple.product-type.bundle.unit-test";
		};
/* End PBXNativeTarget section */

/* Begin PBXProject section */
		6338289F19A104E70043AEC4 /* Project object */ = {
			isa = PBXProject;
			attributes = {
				CLASSPREFIX = LNK;
				LastUpgradeCheck = 0510;
				ORGANIZATIONNAME = Link;
				TargetAttributes = {
					633828C619A104E70043AEC4 = {
						TestTargetID = 633828A619A104E70043AEC4;
					};
				};
			};
			buildConfigurationList = 633828A219A104E70043AEC4 /* Build configuration list for PBXProject "Link" */;
			compatibilityVersion = "Xcode 3.2";
			developmentRegion = English;
			hasScannedForEncodings = 0;
			knownRegions = (
				en,
			);
			mainGroup = 6338289E19A104E70043AEC4;
			productRefGroup = 633828A819A104E70043AEC4 /* Products */;
			projectDirPath = "";
			projectRoot = "";
			targets = (
				633828A619A104E70043AEC4 /* Link */,
				633828C619A104E70043AEC4 /* LinkTests */,
			);
		};
/* End PBXProject section */

/* Begin PBXResourcesBuildPhase section */
		633828A519A104E70043AEC4 /* Resources */ = {
			isa = PBXResourcesBuildPhase;
			buildActionMask = 2147483647;
			files = (
				633828E419A1062C0043AEC4 /* GoogleMaps.bundle in Resources */,
				633828B719A104E70043AEC4 /* InfoPlist.strings in Resources */,
				6338290119A10AC90043AEC4 /* LNKMapViewController.xib in Resources */,
				633828C219A104E70043AEC4 /* Images.xcassets in Resources */,
			);
			runOnlyForDeploymentPostprocessing = 0;
		};
		633828C519A104E70043AEC4 /* Resources */ = {
			isa = PBXResourcesBuildPhase;
			buildActionMask = 2147483647;
			files = (
				633828D419A104E80043AEC4 /* InfoPlist.strings in Resources */,
			);
			runOnlyForDeploymentPostprocessing = 0;
		};
/* End PBXResourcesBuildPhase section */

/* Begin PBXSourcesBuildPhase section */
		633828A319A104E70043AEC4 /* Sources */ = {
			isa = PBXSourcesBuildPhase;
			buildActionMask = 2147483647;
			files = (
				6338290519A10DF40043AEC4 /* LNKStationsManager.m in Sources */,
				633828C019A104E70043AEC4 /* Link.xcdatamodeld in Sources */,
				6338291119A247BD0043AEC4 /* LNKAPI.m in Sources */,
				633828BD19A104E70043AEC4 /* LNKAppDelegate.m in Sources */,
				63D3300E19A3D77D00021C8C /* LNKSystemsManager.m in Sources */,
				633828B919A104E70043AEC4 /* main.m in Sources */,
				630BCE6819A3F2FB008866DE /* LNKSystem.m in Sources */,
				6338290019A10AC90043AEC4 /* LNKMapViewController.m in Sources */,
				630BCE6E19A3F6E6008866DE /* LNKStation.m in Sources */,
			);
			runOnlyForDeploymentPostprocessing = 0;
		};
		633828C319A104E70043AEC4 /* Sources */ = {
			isa = PBXSourcesBuildPhase;
			buildActionMask = 2147483647;
			files = (
				633828D619A104E80043AEC4 /* LinkTests.m in Sources */,
			);
			runOnlyForDeploymentPostprocessing = 0;
		};
/* End PBXSourcesBuildPhase section */

/* Begin PBXTargetDependency section */
		633828CE19A104E80043AEC4 /* PBXTargetDependency */ = {
			isa = PBXTargetDependency;
			target = 633828A619A104E70043AEC4 /* Link */;
			targetProxy = 633828CD19A104E80043AEC4 /* PBXContainerItemProxy */;
		};
/* End PBXTargetDependency section */

/* Begin PBXVariantGroup section */
		633828B519A104E70043AEC4 /* InfoPlist.strings */ = {
			isa = PBXVariantGroup;
			children = (
				633828B619A104E70043AEC4 /* en */,
			);
			name = InfoPlist.strings;
			sourceTree = "<group>";
		};
		633828D219A104E80043AEC4 /* InfoPlist.strings */ = {
			isa = PBXVariantGroup;
			children = (
				633828D319A104E80043AEC4 /* en */,
			);
			name = InfoPlist.strings;
			sourceTree = "<group>";
		};
/* End PBXVariantGroup section */

/* Begin XCBuildConfiguration section */
		633828D719A104E80043AEC4 /* Debug */ = {
			isa = XCBuildConfiguration;
			buildSettings = {
				ALWAYS_SEARCH_USER_PATHS = NO;
				CLANG_CXX_LANGUAGE_STANDARD = "gnu++0x";
				CLANG_CXX_LIBRARY = "libc++";
				CLANG_ENABLE_MODULES = YES;
				CLANG_ENABLE_OBJC_ARC = YES;
				CLANG_WARN_BOOL_CONVERSION = YES;
				CLANG_WARN_CONSTANT_CONVERSION = YES;
				CLANG_WARN_DIRECT_OBJC_ISA_USAGE = YES_ERROR;
				CLANG_WARN_EMPTY_BODY = YES;
				CLANG_WARN_ENUM_CONVERSION = YES;
				CLANG_WARN_INT_CONVERSION = YES;
				CLANG_WARN_OBJC_ROOT_CLASS = YES_ERROR;
				CLANG_WARN__DUPLICATE_METHOD_MATCH = YES;
				"CODE_SIGN_IDENTITY[sdk=iphoneos*]" = "iPhone Developer";
				COPY_PHASE_STRIP = NO;
				GCC_C_LANGUAGE_STANDARD = gnu99;
				GCC_DYNAMIC_NO_PIC = NO;
				GCC_OPTIMIZATION_LEVEL = 0;
				GCC_PREPROCESSOR_DEFINITIONS = (
					"DEBUG=1",
					"$(inherited)",
				);
				GCC_SYMBOLS_PRIVATE_EXTERN = NO;
				GCC_WARN_64_TO_32_BIT_CONVERSION = YES;
				GCC_WARN_ABOUT_RETURN_TYPE = YES_ERROR;
				GCC_WARN_UNDECLARED_SELECTOR = YES;
				GCC_WARN_UNINITIALIZED_AUTOS = YES_AGGRESSIVE;
				GCC_WARN_UNUSED_FUNCTION = YES;
				GCC_WARN_UNUSED_VARIABLE = YES;
				IPHONEOS_DEPLOYMENT_TARGET = 7.1;
				ONLY_ACTIVE_ARCH = YES;
				SDKROOT = iphoneos;
			};
			name = Debug;
		};
		633828D819A104E80043AEC4 /* Release */ = {
			isa = XCBuildConfiguration;
			buildSettings = {
				ALWAYS_SEARCH_USER_PATHS = NO;
				CLANG_CXX_LANGUAGE_STANDARD = "gnu++0x";
				CLANG_CXX_LIBRARY = "libc++";
				CLANG_ENABLE_MODULES = YES;
				CLANG_ENABLE_OBJC_ARC = YES;
				CLANG_WARN_BOOL_CONVERSION = YES;
				CLANG_WARN_CONSTANT_CONVERSION = YES;
				CLANG_WARN_DIRECT_OBJC_ISA_USAGE = YES_ERROR;
				CLANG_WARN_EMPTY_BODY = YES;
				CLANG_WARN_ENUM_CONVERSION = YES;
				CLANG_WARN_INT_CONVERSION = YES;
				CLANG_WARN_OBJC_ROOT_CLASS = YES_ERROR;
				CLANG_WARN__DUPLICATE_METHOD_MATCH = YES;
				"CODE_SIGN_IDENTITY[sdk=iphoneos*]" = "iPhone Developer";
				COPY_PHASE_STRIP = YES;
				ENABLE_NS_ASSERTIONS = NO;
				GCC_C_LANGUAGE_STANDARD = gnu99;
				GCC_WARN_64_TO_32_BIT_CONVERSION = YES;
				GCC_WARN_ABOUT_RETURN_TYPE = YES_ERROR;
				GCC_WARN_UNDECLARED_SELECTOR = YES;
				GCC_WARN_UNINITIALIZED_AUTOS = YES_AGGRESSIVE;
				GCC_WARN_UNUSED_FUNCTION = YES;
				GCC_WARN_UNUSED_VARIABLE = YES;
				IPHONEOS_DEPLOYMENT_TARGET = 7.1;
				SDKROOT = iphoneos;
				VALIDATE_PRODUCT = YES;
			};
			name = Release;
		};
		633828DA19A104E80043AEC4 /* Debug */ = {
			isa = XCBuildConfiguration;
			buildSettings = {
				ASSETCATALOG_COMPILER_APPICON_NAME = AppIcon;
				ASSETCATALOG_COMPILER_LAUNCHIMAGE_NAME = LaunchImage;
				FRAMEWORK_SEARCH_PATHS = (
					"$(inherited)",
					"$(PROJECT_DIR)",
				);
				GCC_PRECOMPILE_PREFIX_HEADER = YES;
				GCC_PREFIX_HEADER = "Link/Link-Prefix.pch";
				INFOPLIST_FILE = "Link/Link-Info.plist";
				OTHER_LDFLAGS = "-ObjC";
				PRODUCT_NAME = "$(TARGET_NAME)";
				WRAPPER_EXTENSION = app;
			};
			name = Debug;
		};
		633828DB19A104E80043AEC4 /* Release */ = {
			isa = XCBuildConfiguration;
			buildSettings = {
				ASSETCATALOG_COMPILER_APPICON_NAME = AppIcon;
				ASSETCATALOG_COMPILER_LAUNCHIMAGE_NAME = LaunchImage;
				FRAMEWORK_SEARCH_PATHS = (
					"$(inherited)",
					"$(PROJECT_DIR)",
				);
				GCC_PRECOMPILE_PREFIX_HEADER = YES;
				GCC_PREFIX_HEADER = "Link/Link-Prefix.pch";
				INFOPLIST_FILE = "Link/Link-Info.plist";
				OTHER_LDFLAGS = "-ObjC";
				PRODUCT_NAME = "$(TARGET_NAME)";
				WRAPPER_EXTENSION = app;
			};
			name = Release;
		};
		633828DD19A104E80043AEC4 /* Debug */ = {
			isa = XCBuildConfiguration;
			buildSettings = {
				BUNDLE_LOADER = "$(BUILT_PRODUCTS_DIR)/Link.app/Link";
				FRAMEWORK_SEARCH_PATHS = (
					"$(SDKROOT)/Developer/Library/Frameworks",
					"$(inherited)",
					"$(DEVELOPER_FRAMEWORKS_DIR)",
				);
				GCC_PRECOMPILE_PREFIX_HEADER = YES;
				GCC_PREFIX_HEADER = "Link/Link-Prefix.pch";
				GCC_PREPROCESSOR_DEFINITIONS = (
					"DEBUG=1",
					"$(inherited)",
				);
				INFOPLIST_FILE = "LinkTests/LinkTests-Info.plist";
				PRODUCT_NAME = "$(TARGET_NAME)";
				TEST_HOST = "$(BUNDLE_LOADER)";
				WRAPPER_EXTENSION = xctest;
			};
			name = Debug;
		};
		633828DE19A104E80043AEC4 /* Release */ = {
			isa = XCBuildConfiguration;
			buildSettings = {
				BUNDLE_LOADER = "$(BUILT_PRODUCTS_DIR)/Link.app/Link";
				FRAMEWORK_SEARCH_PATHS = (
					"$(SDKROOT)/Developer/Library/Frameworks",
					"$(inherited)",
					"$(DEVELOPER_FRAMEWORKS_DIR)",
				);
				GCC_PRECOMPILE_PREFIX_HEADER = YES;
				GCC_PREFIX_HEADER = "Link/Link-Prefix.pch";
				INFOPLIST_FILE = "LinkTests/LinkTests-Info.plist";
				PRODUCT_NAME = "$(TARGET_NAME)";
				TEST_HOST = "$(BUNDLE_LOADER)";
				WRAPPER_EXTENSION = xctest;
			};
			name = Release;
		};
/* End XCBuildConfiguration section */

/* Begin XCConfigurationList section */
		633828A219A104E70043AEC4 /* Build configuration list for PBXProject "Link" */ = {
			isa = XCConfigurationList;
			buildConfigurations = (
				633828D719A104E80043AEC4 /* Debug */,
				633828D819A104E80043AEC4 /* Release */,
			);
			defaultConfigurationIsVisible = 0;
			defaultConfigurationName = Release;
		};
		633828D919A104E80043AEC4 /* Build configuration list for PBXNativeTarget "Link" */ = {
			isa = XCConfigurationList;
			buildConfigurations = (
				633828DA19A104E80043AEC4 /* Debug */,
				633828DB19A104E80043AEC4 /* Release */,
			);
			defaultConfigurationIsVisible = 0;
			defaultConfigurationName = Release;
		};
		633828DC19A104E80043AEC4 /* Build configuration list for PBXNativeTarget "LinkTests" */ = {
			isa = XCConfigurationList;
			buildConfigurations = (
				633828DD19A104E80043AEC4 /* Debug */,
				633828DE19A104E80043AEC4 /* Release */,
			);
			defaultConfigurationIsVisible = 0;
			defaultConfigurationName = Release;
		};
/* End XCConfigurationList section */

/* Begin XCVersionGroup section */
		633828BE19A104E70043AEC4 /* Link.xcdatamodeld */ = {
			isa = XCVersionGroup;
			children = (
				633828BF19A104E70043AEC4 /* Link.xcdatamodel */,
			);
			currentVersion = 633828BF19A104E70043AEC4 /* Link.xcdatamodel */;
			path = Link.xcdatamodeld;
			sourceTree = "<group>";
			versionGroupType = wrapper.xcdatamodel;
		};
/* End XCVersionGroup section */
	};
	rootObject = 6338289F19A104E70043AEC4 /* Project object */;
}
